
Microsoft Visual Studio Solution File, Format Version 12.00
# Visual Studio 15
VisualStudioVersion = 15.0.27703.2042
MinimumVisualStudioVersion = 10.0.40219.1
Project("{9A19103F-16F7-4668-BE54-9A1E7A4F7556}") = "TCPServer.Server", "aws_app\TCPServer.Server.csproj", "{311A5FB0-B1AD-4EBC-AC94-C2C3B997EA36}"
EndProject
Global
	GlobalSection(SolutionConfigurationPlatforms) = preSolution
		Debug|Any CPU = Debug|Any CPU
		Release|Any CPU = Release|Any CPU
	EndGlobalSection
	GlobalSection(ProjectConfigurationPlatforms) = postSolution
		{311A5FB0-B1AD-4EBC-AC94-C2C3B997EA36}.Debug|Any CPU.ActiveCfg = Debug|Any CPU
		{311A5FB0-B1AD-4EBC-AC94-C2C3B997EA36}.Debug|Any CPU.Build.0 = Debug|Any CPU
		{311A5FB0-B1AD-4EBC-AC94-C2C3B997EA36}.Release|Any CPU.ActiveCfg = Release|Any CPU
		{311A5FB0-B1AD-4EBC-AC94-C2C3B997EA36}.Release|Any CPU.Build.0 = Release|Any CPU
	EndGlobalSection
	GlobalSection(SolutionProperties) = preSolution
		HideSolutionNode = FALSE
	EndGlobalSection
	GlobalSection(ExtensibilityGlobals) = postSolution
		SolutionGuid = {A2BB3013-7E30-4012-B85F-4304185663BC}
	EndGlobalSection
EndGlobal
