
Microsoft Visual Studio Solution File, Format Version 12.00
# Visual Studio 15
VisualStudioVersion = 15.0.27428.2043
MinimumVisualStudioVersion = 10.0.40219.1
Project("{FAE04EC0-301F-11D3-BF4B-00C04F79EFBC}") = "deploy_project", "deploy_project\deploy_project.csproj", "{3DF0E0E4-38B1-4AE6-AE1D-779740304CA7}"
EndProject
Project("{E53339B2-1760-4266-BCC7-CA923CBCF16C}") = "docker-compose", "docker-compose.dcproj", "{586F5613-F48E-4E31-86FE-92A4321EF7E9}"
EndProject
Global
	GlobalSection(SolutionConfigurationPlatforms) = preSolution
		Debug|Any CPU = Debug|Any CPU
		Release|Any CPU = Release|Any CPU
	EndGlobalSection
	GlobalSection(ProjectConfigurationPlatforms) = postSolution
		{3DF0E0E4-38B1-4AE6-AE1D-779740304CA7}.Debug|Any CPU.ActiveCfg = Debug|Any CPU
		{3DF0E0E4-38B1-4AE6-AE1D-779740304CA7}.Debug|Any CPU.Build.0 = Debug|Any CPU
		{3DF0E0E4-38B1-4AE6-AE1D-779740304CA7}.Release|Any CPU.ActiveCfg = Release|Any CPU
		{3DF0E0E4-38B1-4AE6-AE1D-779740304CA7}.Release|Any CPU.Build.0 = Release|Any CPU
		{586F5613-F48E-4E31-86FE-92A4321EF7E9}.Debug|Any CPU.ActiveCfg = Debug|Any CPU
		{586F5613-F48E-4E31-86FE-92A4321EF7E9}.Debug|Any CPU.Build.0 = Debug|Any CPU
		{586F5613-F48E-4E31-86FE-92A4321EF7E9}.Release|Any CPU.ActiveCfg = Release|Any CPU
		{586F5613-F48E-4E31-86FE-92A4321EF7E9}.Release|Any CPU.Build.0 = Release|Any CPU
	EndGlobalSection
	GlobalSection(SolutionProperties) = preSolution
		HideSolutionNode = FALSE
	EndGlobalSection
	GlobalSection(ExtensibilityGlobals) = postSolution
		SolutionGuid = {8D03E249-6162-4360-88ED-985017C79003}
	EndGlobalSection
EndGlobal
